
Microsoft Visual Studio Solution File, Format Version 12.00
# Visual Studio Version 16
VisualStudioVersion = 16.0.31313.79
MinimumVisualStudioVersion = 10.0.40219.1
Project("{C7167F0D-BC9F-4E6E-AFE1-012C56B48DB5}") = "XamlBrewer.WinUI3.Navigation.Sample (Package)", "XamlBrewer.WinUI3.Navigation.Sample\XamlBrewer.WinUI3.Navigation.Sample (Package)\XamlBrewer.WinUI3.Navigation.Sample (Package).wapproj", "{35EB8E7F-75C1-429B-A25A-6DE5EFE7F11E}"
EndProject
Project("{FAE04EC0-301F-11D3-BF4B-00C04F79EFBC}") = "XamlBrewer.WinUI3.Navigation.Sample", "XamlBrewer.WinUI3.Navigation.Sample\XamlBrewer.WinUI3.Navigation.Sample\XamlBrewer.WinUI3.Navigation.Sample.csproj", "{DE4A5043-C828-49CA-BF17-1E530930D0BC}"
EndProject
Global
	GlobalSection(SolutionConfigurationPlatforms) = preSolution
		Debug|arm64 = Debug|arm64
		Debug|x64 = Debug|x64
		Debug|x86 = Debug|x86
		Release|arm64 = Release|arm64
		Release|x64 = Release|x64
		Release|x86 = Release|x86
	EndGlobalSection
	GlobalSection(ProjectConfigurationPlatforms) = postSolution
		{35EB8E7F-75C1-429B-A25A-6DE5EFE7F11E}.Debug|arm64.ActiveCfg = Debug|arm64
		{35EB8E7F-75C1-429B-A25A-6DE5EFE7F11E}.Debug|arm64.Build.0 = Debug|arm64
		{35EB8E7F-75C1-429B-A25A-6DE5EFE7F11E}.Debug|arm64.Deploy.0 = Debug|arm64
		{35EB8E7F-75C1-429B-A25A-6DE5EFE7F11E}.Debug|x64.ActiveCfg = Debug|x64
		{35EB8E7F-75C1-429B-A25A-6DE5EFE7F11E}.Debug|x64.Build.0 = Debug|x64
		{35EB8E7F-75C1-429B-A25A-6DE5EFE7F11E}.Debug|x64.Deploy.0 = Debug|x64
		{35EB8E7F-75C1-429B-A25A-6DE5EFE7F11E}.Debug|x86.ActiveCfg = Debug|x86
		{35EB8E7F-75C1-429B-A25A-6DE5EFE7F11E}.Debug|x86.Build.0 = Debug|x86
		{35EB8E7F-75C1-429B-A25A-6DE5EFE7F11E}.Debug|x86.Deploy.0 = Debug|x86
		{35EB8E7F-75C1-429B-A25A-6DE5EFE7F11E}.Release|arm64.ActiveCfg = Release|arm64
		{35EB8E7F-75C1-429B-A25A-6DE5EFE7F11E}.Release|arm64.Build.0 = Release|arm64
		{35EB8E7F-75C1-429B-A25A-6DE5EFE7F11E}.Release|arm64.Deploy.0 = Release|arm64
		{35EB8E7F-75C1-429B-A25A-6DE5EFE7F11E}.Release|x64.ActiveCfg = Release|x64
		{35EB8E7F-75C1-429B-A25A-6DE5EFE7F11E}.Release|x64.Build.0 = Release|x64
		{35EB8E7F-75C1-429B-A25A-6DE5EFE7F11E}.Release|x64.Deploy.0 = Release|x64
		{35EB8E7F-75C1-429B-A25A-6DE5EFE7F11E}.Release|x86.ActiveCfg = Release|x86
		{35EB8E7F-75C1-429B-A25A-6DE5EFE7F11E}.Release|x86.Build.0 = Release|x86
		{35EB8E7F-75C1-429B-A25A-6DE5EFE7F11E}.Release|x86.Deploy.0 = Release|x86
		{DE4A5043-C828-49CA-BF17-1E530930D0BC}.Debug|arm64.ActiveCfg = Debug|arm64
		{DE4A5043-C828-49CA-BF17-1E530930D0BC}.Debug|arm64.Build.0 = Debug|arm64
		{DE4A5043-C828-49CA-BF17-1E530930D0BC}.Debug|x64.ActiveCfg = Debug|x64
		{DE4A5043-C828-49CA-BF17-1E530930D0BC}.Debug|x64.Build.0 = Debug|x64
		{DE4A5043-C828-49CA-BF17-1E530930D0BC}.Debug|x86.ActiveCfg = Debug|x86
		{DE4A5043-C828-49CA-BF17-1E530930D0BC}.Debug|x86.Build.0 = Debug|x86
		{DE4A5043-C828-49CA-BF17-1E530930D0BC}.Release|arm64.ActiveCfg = Release|arm64
		{DE4A5043-C828-49CA-BF17-1E530930D0BC}.Release|arm64.Build.0 = Release|arm64
		{DE4A5043-C828-49CA-BF17-1E530930D0BC}.Release|x64.ActiveCfg = Release|x64
		{DE4A5043-C828-49CA-BF17-1E530930D0BC}.Release|x64.Build.0 = Release|x64
		{DE4A5043-C828-49CA-BF17-1E530930D0BC}.Release|x86.ActiveCfg = Release|x86
		{DE4A5043-C828-49CA-BF17-1E530930D0BC}.Release|x86.Build.0 = Release|x86
	EndGlobalSection
	GlobalSection(SolutionProperties) = preSolution
		HideSolutionNode = FALSE
	EndGlobalSection
	GlobalSection(ExtensibilityGlobals) = postSolution
		SolutionGuid = {555AEC41-26B3-4FF4-96C9-8D1E9C3C5D39}
	EndGlobalSection
EndGlobal
